
Microsoft Visual Studio Solution File, Format Version 12.00
# Visual Studio Version 16
VisualStudioVersion = 16.0.32106.194
MinimumVisualStudioVersion = 10.0.40219.1
Project("{FAE04EC0-301F-11D3-BF4B-00C04F79EFBC}") = "DemoRedis", "DemoRedis\DemoRedis.csproj", "{3FDD56E5-FD05-4666-A652-031C5BE03770}"
EndProject
Global
	GlobalSection(SolutionConfigurationPlatforms) = preSolution
		Debug|Any CPU = Debug|Any CPU
		Release|Any CPU = Release|Any CPU
	EndGlobalSection
	GlobalSection(ProjectConfigurationPlatforms) = postSolution
		{3FDD56E5-FD05-4666-A652-031C5BE03770}.Debug|Any CPU.ActiveCfg = Debug|Any CPU
		{3FDD56E5-FD05-4666-A652-031C5BE03770}.Debug|Any CPU.Build.0 = Debug|Any CPU
		{3FDD56E5-FD05-4666-A652-031C5BE03770}.Release|Any CPU.ActiveCfg = Release|Any CPU
		{3FDD56E5-FD05-4666-A652-031C5BE03770}.Release|Any CPU.Build.0 = Release|Any CPU
	EndGlobalSection
	GlobalSection(SolutionProperties) = preSolution
		HideSolutionNode = FALSE
	EndGlobalSection
	GlobalSection(ExtensibilityGlobals) = postSolution
		SolutionGuid = {95BA6948-1AFA-401C-91A7-015AA72E49FF}
	EndGlobalSection
EndGlobal
